
Microsoft Visual Studio Solution File, Format Version 12.00
# Visual Studio Version 16
VisualStudioVersion = 16.0.30709.132
MinimumVisualStudioVersion = 10.0.40219.1
Project("{FAE04EC0-301F-11D3-BF4B-00C04F79EFBC}") = "Komodo_Claims_Console", "KomodoClaimsChallenge\Komodo_Claims_Console.csproj", "{48BB334C-00A3-4E5B-BB24-FE202647FCF2}"
EndProject
Project("{FAE04EC0-301F-11D3-BF4B-00C04F79EFBC}") = "Komodo_Claims_Library", "Komodo_Claims_Library\Komodo_Claims_Library.csproj", "{CE12AB44-91BE-43D3-AD71-BC64D0B30CCC}"
EndProject
Project("{FAE04EC0-301F-11D3-BF4B-00C04F79EFBC}") = "Komodo_Claims_Testing", "Komodo_Claims_Testing\Komodo_Claims_Testing.csproj", "{ACC817B8-A1F9-493F-A3AE-1016570D4844}"
EndProject
Project("{FAE04EC0-301F-11D3-BF4B-00C04F79EFBC}") = "Komodo_Cafe_Library", "Komodo_Cafe_Library\Komodo_Cafe_Library.csproj", "{2DC78452-3BA7-49A6-A5DD-D3D58085B531}"
EndProject
Project("{FAE04EC0-301F-11D3-BF4B-00C04F79EFBC}") = "Komodo_Cafe_Console", "Komodo_Cafe_Console\Komodo_Cafe_Console.csproj", "{8567425B-18B7-47BF-8412-C815EB0D105C}"
EndProject
Project("{FAE04EC0-301F-11D3-BF4B-00C04F79EFBC}") = "Komodo_Cafe_Testing", "Komodo_Cafe_Testing\Komodo_Cafe_Testing.csproj", "{AD4F3814-7593-4415-A1E8-D76B1C350A2C}"
EndProject
Project("{FAE04EC0-301F-11D3-BF4B-00C04F79EFBC}") = "Komodo_Badge_Testing", "Komodo_Badge_Testing\Komodo_Badge_Testing.csproj", "{F6A19567-B1E3-44E7-ACE3-1F3D889F384A}"
EndProject
Project("{FAE04EC0-301F-11D3-BF4B-00C04F79EFBC}") = "Komodo_Badge_Console", "Komodo_Badge_Console\Komodo_Badge_Console.csproj", "{FCB68FF4-65BD-4E73-81B3-D8533D9287C7}"
EndProject
Project("{FAE04EC0-301F-11D3-BF4B-00C04F79EFBC}") = "Komodo_Badge_Library", "Komodo_Badge_Library\Komodo_Badge_Library.csproj", "{8D0AE87F-33C7-4E73-90A3-2012724728BC}"
EndProject
Project("{2150E333-8FDC-42A3-9474-1A3956D46DE8}") = "NewFolder1", "NewFolder1", "{57084F5C-86C7-4452-B34A-37961BB05669}"
EndProject
Global
	GlobalSection(SolutionConfigurationPlatforms) = preSolution
		Debug|Any CPU = Debug|Any CPU
		Release|Any CPU = Release|Any CPU
	EndGlobalSection
	GlobalSection(ProjectConfigurationPlatforms) = postSolution
		{48BB334C-00A3-4E5B-BB24-FE202647FCF2}.Debug|Any CPU.ActiveCfg = Debug|Any CPU
		{48BB334C-00A3-4E5B-BB24-FE202647FCF2}.Debug|Any CPU.Build.0 = Debug|Any CPU
		{48BB334C-00A3-4E5B-BB24-FE202647FCF2}.Release|Any CPU.ActiveCfg = Release|Any CPU
		{48BB334C-00A3-4E5B-BB24-FE202647FCF2}.Release|Any CPU.Build.0 = Release|Any CPU
		{CE12AB44-91BE-43D3-AD71-BC64D0B30CCC}.Debug|Any CPU.ActiveCfg = Debug|Any CPU
		{CE12AB44-91BE-43D3-AD71-BC64D0B30CCC}.Debug|Any CPU.Build.0 = Debug|Any CPU
		{CE12AB44-91BE-43D3-AD71-BC64D0B30CCC}.Release|Any CPU.ActiveCfg = Release|Any CPU
		{CE12AB44-91BE-43D3-AD71-BC64D0B30CCC}.Release|Any CPU.Build.0 = Release|Any CPU
		{ACC817B8-A1F9-493F-A3AE-1016570D4844}.Debug|Any CPU.ActiveCfg = Debug|Any CPU
		{ACC817B8-A1F9-493F-A3AE-1016570D4844}.Debug|Any CPU.Build.0 = Debug|Any CPU
		{ACC817B8-A1F9-493F-A3AE-1016570D4844}.Release|Any CPU.ActiveCfg = Release|Any CPU
		{ACC817B8-A1F9-493F-A3AE-1016570D4844}.Release|Any CPU.Build.0 = Release|Any CPU
		{2DC78452-3BA7-49A6-A5DD-D3D58085B531}.Debug|Any CPU.ActiveCfg = Debug|Any CPU
		{2DC78452-3BA7-49A6-A5DD-D3D58085B531}.Debug|Any CPU.Build.0 = Debug|Any CPU
		{2DC78452-3BA7-49A6-A5DD-D3D58085B531}.Release|Any CPU.ActiveCfg = Release|Any CPU
		{2DC78452-3BA7-49A6-A5DD-D3D58085B531}.Release|Any CPU.Build.0 = Release|Any CPU
		{8567425B-18B7-47BF-8412-C815EB0D105C}.Debug|Any CPU.ActiveCfg = Debug|Any CPU
		{8567425B-18B7-47BF-8412-C815EB0D105C}.Debug|Any CPU.Build.0 = Debug|Any CPU
		{8567425B-18B7-47BF-8412-C815EB0D105C}.Release|Any CPU.ActiveCfg = Release|Any CPU
		{8567425B-18B7-47BF-8412-C815EB0D105C}.Release|Any CPU.Build.0 = Release|Any CPU
		{AD4F3814-7593-4415-A1E8-D76B1C350A2C}.Debug|Any CPU.ActiveCfg = Debug|Any CPU
		{AD4F3814-7593-4415-A1E8-D76B1C350A2C}.Debug|Any CPU.Build.0 = Debug|Any CPU
		{AD4F3814-7593-4415-A1E8-D76B1C350A2C}.Release|Any CPU.ActiveCfg = Release|Any CPU
		{AD4F3814-7593-4415-A1E8-D76B1C350A2C}.Release|Any CPU.Build.0 = Release|Any CPU
		{F6A19567-B1E3-44E7-ACE3-1F3D889F384A}.Debug|Any CPU.ActiveCfg = Debug|Any CPU
		{F6A19567-B1E3-44E7-ACE3-1F3D889F384A}.Debug|Any CPU.Build.0 = Debug|Any CPU
		{F6A19567-B1E3-44E7-ACE3-1F3D889F384A}.Release|Any CPU.ActiveCfg = Release|Any CPU
		{F6A19567-B1E3-44E7-ACE3-1F3D889F384A}.Release|Any CPU.Build.0 = Release|Any CPU
		{FCB68FF4-65BD-4E73-81B3-D8533D9287C7}.Debug|Any CPU.ActiveCfg = Debug|Any CPU
		{FCB68FF4-65BD-4E73-81B3-D8533D9287C7}.Debug|Any CPU.Build.0 = Debug|Any CPU
		{FCB68FF4-65BD-4E73-81B3-D8533D9287C7}.Release|Any CPU.ActiveCfg = Release|Any CPU
		{FCB68FF4-65BD-4E73-81B3-D8533D9287C7}.Release|Any CPU.Build.0 = Release|Any CPU
		{8D0AE87F-33C7-4E73-90A3-2012724728BC}.Debug|Any CPU.ActiveCfg = Debug|Any CPU
		{8D0AE87F-33C7-4E73-90A3-2012724728BC}.Debug|Any CPU.Build.0 = Debug|Any CPU
		{8D0AE87F-33C7-4E73-90A3-2012724728BC}.Release|Any CPU.ActiveCfg = Release|Any CPU
		{8D0AE87F-33C7-4E73-90A3-2012724728BC}.Release|Any CPU.Build.0 = Release|Any CPU
	EndGlobalSection
	GlobalSection(SolutionProperties) = preSolution
		HideSolutionNode = FALSE
	EndGlobalSection
	GlobalSection(ExtensibilityGlobals) = postSolution
		SolutionGuid = {E361A5D0-7E6C-4144-91D9-9951DB586CD3}
	EndGlobalSection
EndGlobal
